{
  "lockfileVersion": 1,
  "configVersion": 1,
  "workspaces": {
    "": {
      "name": "alertmanager-mass-outage-metrics",
      "dependencies": {
        "hono": "^4.8.3",
      },
    },
  },
  "packages": {
    "hono": ["hono@4.12.14", "", {}, "sha512-am5zfg3yu6sqn5yjKBNqhnTX7Cv+m00ox+7jbaKkrLMRJ4rAdldd1xPd/JzbBWspqaQv6RSTrgFN95EsfhC+7w=="],
  }
}
